
Microsoft Visual Studio Solution File, Format Version 12.00
# Visual Studio 15
VisualStudioVersion = 15.0.28307.1082
MinimumVisualStudioVersion = 10.0.40219.1
Project("{FAE04EC0-301F-11D3-BF4B-00C04F79EFBC}") = "xadrez_console", "xadrez_console\xadrez_console.csproj", "{C0FED51F-989E-4265-AEB6-0B48B5833A54}"
EndProject
Global
	GlobalSection(SolutionConfigurationPlatforms) = preSolution
		Debug|Any CPU = Debug|Any CPU
		Release|Any CPU = Release|Any CPU
	EndGlobalSection
	GlobalSection(ProjectConfigurationPlatforms) = postSolution
		{C0FED51F-989E-4265-AEB6-0B48B5833A54}.Debug|Any CPU.ActiveCfg = Debug|Any CPU
		{C0FED51F-989E-4265-AEB6-0B48B5833A54}.Debug|Any CPU.Build.0 = Debug|Any CPU
		{C0FED51F-989E-4265-AEB6-0B48B5833A54}.Release|Any CPU.ActiveCfg = Release|Any CPU
		{C0FED51F-989E-4265-AEB6-0B48B5833A54}.Release|Any CPU.Build.0 = Release|Any CPU
	EndGlobalSection
	GlobalSection(SolutionProperties) = preSolution
		HideSolutionNode = FALSE
	EndGlobalSection
	GlobalSection(ExtensibilityGlobals) = postSolution
		SolutionGuid = {43C21223-BB19-40B1-AFF5-E31A8990C8BB}
	EndGlobalSection
EndGlobal
